{
  "nodes": {
    "fenix": {
      "inputs": {
        "nixpkgs": [
          "which-key-wayland",
          "nixpkgs"
        ],
        "rust-analyzer-src": "rust-analyzer-src"
      },
      "locked": {
        "lastModified": 1779007028,
        "narHash": "sha256-AIbVmDAJFVRl+PUkgoOHVvzulVLQW0pcltKNrBVWxww=",
        "owner": "nix-community",
        "repo": "fenix",
        "rev": "3c09e6c592c6ebfb9cde94bba990af23b2c06a87",
        "type": "github"
      },
      "original": {
        "owner": "nix-community",
        "repo": "fenix",
        "type": "github"
      }
    },
    "home-manager": {
      "inputs": {
        "nixpkgs": [
          "nixpkgs"
        ]
      },
      "locked": {
        "lastModified": 1774559029,
        "narHash": "sha256-deix7yg3j6AhjMPnFDCmWB3f83LsajaaULP5HH2j34k=",
        "owner": "nix-community",
        "repo": "home-manager",
        "rev": "a0bb0d11514f92b639514220114ac8063c72d0a3",
        "type": "github"
      },
      "original": {
        "owner": "nix-community",
        "ref": "release-25.11",
        "repo": "home-manager",
        "type": "github"
      }
    },
    "nixpkgs": {
      "locked": {
        "lastModified": 1774388614,
        "narHash": "sha256-tFwzTI0DdDzovdE9+Ras6CUss0yn8P9XV4Ja6RjA+nU=",
        "owner": "nixos",
        "repo": "nixpkgs",
        "rev": "1073dad219cb244572b74da2b20c7fe39cb3fa9e",
        "type": "github"
      },
      "original": {
        "owner": "nixos",
        "ref": "nixos-25.11",
        "repo": "nixpkgs",
        "type": "github"
      }
    },
    "root": {
      "inputs": {
        "home-manager": "home-manager",
        "nixpkgs": "nixpkgs",
        "which-key-wayland": "which-key-wayland"
      }
    },
    "rust-analyzer-src": {
      "flake": false,
      "locked": {
        "lastModified": 1778958756,
        "narHash": "sha256-bNCTsqjqpSVXDKsCKHTyNEaw6LpaiRUoUVKlVDSzjHk=",
        "owner": "rust-lang",
        "repo": "rust-analyzer",
        "rev": "ace47025ddfc7fec399e11594318e64443c0e1c2",
        "type": "github"
      },
      "original": {
        "owner": "rust-lang",
        "ref": "nightly",
        "repo": "rust-analyzer",
        "type": "github"
      }
    },
    "which-key-wayland": {
      "inputs": {
        "fenix": "fenix",
        "nixpkgs": [
          "nixpkgs"
        ]
      },
      "locked": {
        "lastModified": 1780749152,
        "narHash": "sha256-h0XbtDVV/9Mm4kok6UEVqgXDJzk0EtCKSwQDS9CfqHg=",
        "owner": "liuhq",
        "repo": "which-key.wayland",
        "rev": "fb07235803febb5ba85611a4a5495a9d622b7293",
        "type": "github"
      },
      "original": {
        "owner": "liuhq",
        "ref": "refs/tags/0.2.1",
        "repo": "which-key.wayland",
        "type": "github"
      }
    }
  },
  "root": "root",
  "version": 7
}
